
Microsoft Visual Studio Solution File, Format Version 12.00
# Visual Studio Version 17
VisualStudioVersion = 17.11.35208.52
MinimumVisualStudioVersion = 10.0.40219.1
Project("{9A19103F-16F7-4668-BE54-9A1E7A4F7556}") = "CalculaDesconto", "CalculaDesconto\CalculaDesconto.csproj", "{A2276F16-39FC-4E26-9EB7-2A2639F250CF}"
EndProject
Project("{9A19103F-16F7-4668-BE54-9A1E7A4F7556}") = "CalculaDescontoTest", "CalculaDescontoTest\CalculaDescontoTest.csproj", "{82518FFC-D08A-49DD-83C9-96EF43F17BDA}"
EndProject
Project("{9A19103F-16F7-4668-BE54-9A1E7A4F7556}") = "VerificaTriangulo", "VerificaTriangulo\VerificaTriangulo.csproj", "{B3F81115-1B25-44BD-808A-719229B656E2}"
EndProject
Project("{9A19103F-16F7-4668-BE54-9A1E7A4F7556}") = "VerificaTrianguloTest", "VerificaTrianguloTest\VerificaTrianguloTest.csproj", "{9DFE7888-08F6-40C4-B3AF-B969F6F013F8}"
EndProject
Project("{FAE04EC0-301F-11D3-BF4B-00C04F79EFBC}") = "Menu", "Menu\Menu.csproj", "{F6E42D36-3AC7-4D7C-AD7D-B85A28993A06}"
EndProject
Global
	GlobalSection(SolutionConfigurationPlatforms) = preSolution
		Debug|Any CPU = Debug|Any CPU
		Release|Any CPU = Release|Any CPU
	EndGlobalSection
	GlobalSection(ProjectConfigurationPlatforms) = postSolution
		{A2276F16-39FC-4E26-9EB7-2A2639F250CF}.Debug|Any CPU.ActiveCfg = Debug|Any CPU
		{A2276F16-39FC-4E26-9EB7-2A2639F250CF}.Debug|Any CPU.Build.0 = Debug|Any CPU
		{A2276F16-39FC-4E26-9EB7-2A2639F250CF}.Release|Any CPU.ActiveCfg = Release|Any CPU
		{A2276F16-39FC-4E26-9EB7-2A2639F250CF}.Release|Any CPU.Build.0 = Release|Any CPU
		{82518FFC-D08A-49DD-83C9-96EF43F17BDA}.Debug|Any CPU.ActiveCfg = Debug|Any CPU
		{82518FFC-D08A-49DD-83C9-96EF43F17BDA}.Debug|Any CPU.Build.0 = Debug|Any CPU
		{82518FFC-D08A-49DD-83C9-96EF43F17BDA}.Release|Any CPU.ActiveCfg = Release|Any CPU
		{82518FFC-D08A-49DD-83C9-96EF43F17BDA}.Release|Any CPU.Build.0 = Release|Any CPU
		{B3F81115-1B25-44BD-808A-719229B656E2}.Debug|Any CPU.ActiveCfg = Debug|Any CPU
		{B3F81115-1B25-44BD-808A-719229B656E2}.Debug|Any CPU.Build.0 = Debug|Any CPU
		{B3F81115-1B25-44BD-808A-719229B656E2}.Release|Any CPU.ActiveCfg = Release|Any CPU
		{B3F81115-1B25-44BD-808A-719229B656E2}.Release|Any CPU.Build.0 = Release|Any CPU
		{9DFE7888-08F6-40C4-B3AF-B969F6F013F8}.Debug|Any CPU.ActiveCfg = Debug|Any CPU
		{9DFE7888-08F6-40C4-B3AF-B969F6F013F8}.Debug|Any CPU.Build.0 = Debug|Any CPU
		{9DFE7888-08F6-40C4-B3AF-B969F6F013F8}.Release|Any CPU.ActiveCfg = Release|Any CPU
		{9DFE7888-08F6-40C4-B3AF-B969F6F013F8}.Release|Any CPU.Build.0 = Release|Any CPU
		{F6E42D36-3AC7-4D7C-AD7D-B85A28993A06}.Debug|Any CPU.ActiveCfg = Debug|Any CPU
		{F6E42D36-3AC7-4D7C-AD7D-B85A28993A06}.Debug|Any CPU.Build.0 = Debug|Any CPU
		{F6E42D36-3AC7-4D7C-AD7D-B85A28993A06}.Release|Any CPU.ActiveCfg = Release|Any CPU
		{F6E42D36-3AC7-4D7C-AD7D-B85A28993A06}.Release|Any CPU.Build.0 = Release|Any CPU
	EndGlobalSection
	GlobalSection(SolutionProperties) = preSolution
		HideSolutionNode = FALSE
	EndGlobalSection
	GlobalSection(ExtensibilityGlobals) = postSolution
		SolutionGuid = {F8E16E1E-AFCE-41AE-BCDE-2E2A184D5FCB}
	EndGlobalSection
EndGlobal
